
Microsoft Visual Studio Solution File, Format Version 12.00
# Visual Studio 2013
VisualStudioVersion = 12.0.31101.0
MinimumVisualStudioVersion = 10.0.40219.1
Project("{FAE04EC0-301F-11D3-BF4B-00C04F79EFBC}") = "ChatMessenger", "ChatMessenger\ChatMessenger.csproj", "{8423420A-3AA4-4EAF-BE5D-082F15CB8A80}"
EndProject
Project("{FAE04EC0-301F-11D3-BF4B-00C04F79EFBC}") = "ChatMessage", "ChatMessage\ChatMessage.csproj", "{58FAE704-7F48-4E80-A995-200709B3A0F5}"
EndProject
Project("{FAE04EC0-301F-11D3-BF4B-00C04F79EFBC}") = "ChatServer", "ChatServer\ChatServer.csproj", "{7EC50DE5-9E5A-4662-A359-71A9722BD5CB}"
EndProject
Global
	GlobalSection(SolutionConfigurationPlatforms) = preSolution
		Debug|Any CPU = Debug|Any CPU
		Release|Any CPU = Release|Any CPU
	EndGlobalSection
	GlobalSection(ProjectConfigurationPlatforms) = postSolution
		{8423420A-3AA4-4EAF-BE5D-082F15CB8A80}.Debug|Any CPU.ActiveCfg = Debug|Any CPU
		{8423420A-3AA4-4EAF-BE5D-082F15CB8A80}.Debug|Any CPU.Build.0 = Debug|Any CPU
		{8423420A-3AA4-4EAF-BE5D-082F15CB8A80}.Release|Any CPU.ActiveCfg = Release|Any CPU
		{8423420A-3AA4-4EAF-BE5D-082F15CB8A80}.Release|Any CPU.Build.0 = Release|Any CPU
		{58FAE704-7F48-4E80-A995-200709B3A0F5}.Debug|Any CPU.ActiveCfg = Debug|Any CPU
		{58FAE704-7F48-4E80-A995-200709B3A0F5}.Debug|Any CPU.Build.0 = Debug|Any CPU
		{58FAE704-7F48-4E80-A995-200709B3A0F5}.Release|Any CPU.ActiveCfg = Release|Any CPU
		{58FAE704-7F48-4E80-A995-200709B3A0F5}.Release|Any CPU.Build.0 = Release|Any CPU
		{7EC50DE5-9E5A-4662-A359-71A9722BD5CB}.Debug|Any CPU.ActiveCfg = Debug|Any CPU
		{7EC50DE5-9E5A-4662-A359-71A9722BD5CB}.Debug|Any CPU.Build.0 = Debug|Any CPU
		{7EC50DE5-9E5A-4662-A359-71A9722BD5CB}.Release|Any CPU.ActiveCfg = Release|Any CPU
		{7EC50DE5-9E5A-4662-A359-71A9722BD5CB}.Release|Any CPU.Build.0 = Release|Any CPU
	EndGlobalSection
	GlobalSection(SolutionProperties) = preSolution
		HideSolutionNode = FALSE
	EndGlobalSection
EndGlobal
